// !$*UTF8*$!
{
	archiveVersion = 1;
	classes = {
	};
	objectVersion = 50;
	objects = {

/* Begin PBXBuildFile section */
		AFF1736C2B4D442F00BCB394 /* RMSettings.swift in Sources */ = {isa = PBXBuildFile; fileRef = AFF1736B2B4D442F00BCB394 /* RMSettings.swift */; };
		AFF399542B4C231C00A29683 /* AppDelegate.swift in Sources */ = {isa = PBXBuildFile; fileRef = AFF399532B4C231C00A29683 /* AppDelegate.swift */; };
		AFF399562B4C231C00A29683 /* SceneDelegate.swift in Sources */ = {isa = PBXBuildFile; fileRef = AFF399552B4C231C00A29683 /* SceneDelegate.swift */; };
		AFF399582B4C231C00A29683 /* RMTabViewController.swift in Sources */ = {isa = PBXBuildFile; fileRef = AFF399572B4C231C00A29683 /* RMTabViewController.swift */; };
		AFF3995D2B4C232000A29683 /* Assets.xcassets in Resources */ = {isa = PBXBuildFile; fileRef = AFF3995C2B4C232000A29683 /* Assets.xcassets */; };
		AFF399602B4C232000A29683 /* LaunchScreen.storyboard in Resources */ = {isa = PBXBuildFile; fileRef = AFF3995E2B4C232000A29683 /* LaunchScreen.storyboard */; };
		AFF399722B4C279F00A29683 /* RMLocation.swift in Sources */ = {isa = PBXBuildFile; fileRef = AFF399712B4C279F00A29683 /* RMLocation.swift */; };
		AFF399752B4C27B500A29683 /* RMCharacter.swift in Sources */ = {isa = PBXBuildFile; fileRef = AFF399742B4C27B500A29683 /* RMCharacter.swift */; };
		AFF399782B4C27CE00A29683 /* RMEpisode.swift in Sources */ = {isa = PBXBuildFile; fileRef = AFF399772B4C27CD00A29683 /* RMEpisode.swift */; };
		AFF3997C2B4C295A00A29683 /* RMCharacterViewController.swift in Sources */ = {isa = PBXBuildFile; fileRef = AFF3997B2B4C295A00A29683 /* RMCharacterViewController.swift */; };
		AFF3997F2B4C29B300A29683 /* RMLocationViewController.swift in Sources */ = {isa = PBXBuildFile; fileRef = AFF3997E2B4C29B300A29683 /* RMLocationViewController.swift */; };
		AFF399822B4C29F900A29683 /* RMEpisodesViewController.swift in Sources */ = {isa = PBXBuildFile; fileRef = AFF399812B4C29F900A29683 /* RMEpisodesViewController.swift */; };
		AFF399852B4C2A0D00A29683 /* RMSettingViewController.swift in Sources */ = {isa = PBXBuildFile; fileRef = AFF399842B4C2A0D00A29683 /* RMSettingViewController.swift */; };
/* End PBXBuildFile section */

/* Begin PBXFileReference section */
		AFF1736B2B4D442F00BCB394 /* RMSettings.swift */ = {isa = PBXFileReference; lastKnownFileType = sourcecode.swift; path = RMSettings.swift; sourceTree = "<group>"; };
		AFF399502B4C231C00A29683 /* RickyNMorty.app */ = {isa = PBXFileReference; explicitFileType = wrapper.application; includeInIndex = 0; path = RickyNMorty.app; sourceTree = BUILT_PRODUCTS_DIR; };
		AFF399532B4C231C00A29683 /* AppDelegate.swift */ = {isa = PBXFileReference; lastKnownFileType = sourcecode.swift; path = AppDelegate.swift; sourceTree = "<group>"; };
		AFF399552B4C231C00A29683 /* SceneDelegate.swift */ = {isa = PBXFileReference; lastKnownFileType = sourcecode.swift; path = SceneDelegate.swift; sourceTree = "<group>"; };
		AFF399572B4C231C00A29683 /* RMTabViewController.swift */ = {isa = PBXFileReference; lastKnownFileType = sourcecode.swift; path = RMTabViewController.swift; sourceTree = "<group>"; };
		AFF3995C2B4C232000A29683 /* Assets.xcassets */ = {isa = PBXFileReference; lastKnownFileType = folder.assetcatalog; path = Assets.xcassets; sourceTree = "<group>"; };
		AFF3995F2B4C232000A29683 /* Base */ = {isa = PBXFileReference; lastKnownFileType = file.storyboard; name = Base; path = Base.lproj/LaunchScreen.storyboard; sourceTree = "<group>"; };
		AFF399612B4C232000A29683 /* Info.plist */ = {isa = PBXFileReference; lastKnownFileType = text.plist.xml; path = Info.plist; sourceTree = "<group>"; };
		AFF399712B4C279F00A29683 /* RMLocation.swift */ = {isa = PBXFileReference; lastKnownFileType = sourcecode.swift; path = RMLocation.swift; sourceTree = "<group>"; };
		AFF399742B4C27B500A29683 /* RMCharacter.swift */ = {isa = PBXFileReference; lastKnownFileType = sourcecode.swift; path = RMCharacter.swift; sourceTree = "<group>"; };
		AFF399772B4C27CD00A29683 /* RMEpisode.swift */ = {isa = PBXFileReference; lastKnownFileType = sourcecode.swift; path = RMEpisode.swift; sourceTree = "<group>"; };
		AFF3997B2B4C295A00A29683 /* RMCharacterViewController.swift */ = {isa = PBXFileReference; lastKnownFileType = sourcecode.swift; path = RMCharacterViewController.swift; sourceTree = "<group>"; };
		AFF3997E2B4C29B300A29683 /* RMLocationViewController.swift */ = {isa = PBXFileReference; lastKnownFileType = sourcecode.swift; path = RMLocationViewController.swift; sourceTree = "<group>"; };
		AFF399812B4C29F900A29683 /* RMEpisodesViewController.swift */ = {isa = PBXFileReference; lastKnownFileType = sourcecode.swift; path = RMEpisodesViewController.swift; sourceTree = "<group>"; };
		AFF399842B4C2A0D00A29683 /* RMSettingViewController.swift */ = {isa = PBXFileReference; lastKnownFileType = sourcecode.swift; path = RMSettingViewController.swift; sourceTree = "<group>"; };
/* End PBXFileReference section */

/* Begin PBXFrameworksBuildPhase section */
		AFF3994D2B4C231C00A29683 /* Frameworks */ = {
			isa = PBXFrameworksBuildPhase;
			buildActionMask = 2147483647;
			files = (
			);
			runOnlyForDeploymentPostprocessing = 0;
		};
/* End PBXFrameworksBuildPhase section */

/* Begin PBXGroup section */
		AFF399472B4C231C00A29683 = {
			isa = PBXGroup;
			children = (
				AFF399522B4C231C00A29683 /* RickyNMorty */,
				AFF399512B4C231C00A29683 /* Products */,
			);
			sourceTree = "<group>";
		};
		AFF399512B4C231C00A29683 /* Products */ = {
			isa = PBXGroup;
			children = (
				AFF399502B4C231C00A29683 /* RickyNMorty.app */,
			);
			name = Products;
			sourceTree = "<group>";
		};
		AFF399522B4C231C00A29683 /* RickyNMorty */ = {
			isa = PBXGroup;
			children = (
				AFF3996C2B4C262B00A29683 /* ApiClients */,
				AFF399702B4C266D00A29683 /* Controllers */,
				AFF3996B2B4C262200A29683 /* Managers */,
				AFF3996F2B4C266500A29683 /* Models */,
				AFF3996A2B4C261000A29683 /* Resources */,
				AFF3996E2B4C265B00A29683 /* Views */,
				AFF399612B4C232000A29683 /* Info.plist */,
			);
			path = RickyNMorty;
			sourceTree = "<group>";
		};
		AFF3996A2B4C261000A29683 /* Resources */ = {
			isa = PBXGroup;
			children = (
				AFF3995E2B4C232000A29683 /* LaunchScreen.storyboard */,
				AFF3995C2B4C232000A29683 /* Assets.xcassets */,
				AFF399532B4C231C00A29683 /* AppDelegate.swift */,
				AFF399552B4C231C00A29683 /* SceneDelegate.swift */,
			);
			path = Resources;
			sourceTree = "<group>";
		};
		AFF3996B2B4C262200A29683 /* Managers */ = {
			isa = PBXGroup;
			children = (
			);
			path = Managers;
			sourceTree = "<group>";
		};
		AFF3996C2B4C262B00A29683 /* ApiClients */ = {
			isa = PBXGroup;
			children = (
			);
			path = ApiClients;
			sourceTree = "<group>";
		};
		AFF3996E2B4C265B00A29683 /* Views */ = {
			isa = PBXGroup;
			children = (
			);
			path = Views;
			sourceTree = "<group>";
		};
		AFF3996F2B4C266500A29683 /* Models */ = {
			isa = PBXGroup;
			children = (
				AFF399712B4C279F00A29683 /* RMLocation.swift */,
				AFF399742B4C27B500A29683 /* RMCharacter.swift */,
				AFF399772B4C27CD00A29683 /* RMEpisode.swift */,
				AFF1736B2B4D442F00BCB394 /* RMSettings.swift */,
			);
			path = Models;
			sourceTree = "<group>";
		};
		AFF399702B4C266D00A29683 /* Controllers */ = {
			isa = PBXGroup;
			children = (
				AFF399572B4C231C00A29683 /* RMTabViewController.swift */,
				AFF3997B2B4C295A00A29683 /* RMCharacterViewController.swift */,
				AFF3997E2B4C29B300A29683 /* RMLocationViewController.swift */,
				AFF399812B4C29F900A29683 /* RMEpisodesViewController.swift */,
				AFF399842B4C2A0D00A29683 /* RMSettingViewController.swift */,
			);
			path = Controllers;
			sourceTree = "<group>";
		};
/* End PBXGroup section */

/* Begin PBXNativeTarget section */
		AFF3994F2B4C231C00A29683 /* RickyNMorty */ = {
			isa = PBXNativeTarget;
			buildConfigurationList = AFF399642B4C232000A29683 /* Build configuration list for PBXNativeTarget "RickyNMorty" */;
			buildPhases = (
				AFF3994C2B4C231C00A29683 /* Sources */,
				AFF3994D2B4C231C00A29683 /* Frameworks */,
				AFF3994E2B4C231C00A29683 /* Resources */,
			);
			buildRules = (
			);
			dependencies = (
			);
			name = RickyNMorty;
			productName = RickyNMorty;
			productReference = AFF399502B4C231C00A29683 /* RickyNMorty.app */;
			productType = "com.apple.product-type.application";
		};
/* End PBXNativeTarget section */

/* Begin PBXProject section */
		AFF399482B4C231C00A29683 /* Project object */ = {
			isa = PBXProject;
			attributes = {
				LastSwiftUpdateCheck = 1220;
				LastUpgradeCheck = 1220;
				TargetAttributes = {
					AFF3994F2B4C231C00A29683 = {
						CreatedOnToolsVersion = 12.2;
					};
				};
			};
			buildConfigurationList = AFF3994B2B4C231C00A29683 /* Build configuration list for PBXProject "RickyNMorty" */;
			compatibilityVersion = "Xcode 9.3";
			developmentRegion = en;
			hasScannedForEncodings = 0;
			knownRegions = (
				en,
				Base,
			);
			mainGroup = AFF399472B4C231C00A29683;
			productRefGroup = AFF399512B4C231C00A29683 /* Products */;
			projectDirPath = "";
			projectRoot = "";
			targets = (
				AFF3994F2B4C231C00A29683 /* RickyNMorty */,
			);
		};
/* End PBXProject section */

/* Begin PBXResourcesBuildPhase section */
		AFF3994E2B4C231C00A29683 /* Resources */ = {
			isa = PBXResourcesBuildPhase;
			buildActionMask = 2147483647;
			files = (
				AFF399602B4C232000A29683 /* LaunchScreen.storyboard in Resources */,
				AFF3995D2B4C232000A29683 /* Assets.xcassets in Resources */,
			);
			runOnlyForDeploymentPostprocessing = 0;
		};
/* End PBXResourcesBuildPhase section */

/* Begin PBXSourcesBuildPhase section */
		AFF3994C2B4C231C00A29683 /* Sources */ = {
			isa = PBXSourcesBuildPhase;
			buildActionMask = 2147483647;
			files = (
				AFF399822B4C29F900A29683 /* RMEpisodesViewController.swift in Sources */,
				AFF3997F2B4C29B300A29683 /* RMLocationViewController.swift in Sources */,
				AFF399782B4C27CE00A29683 /* RMEpisode.swift in Sources */,
				AFF399582B4C231C00A29683 /* RMTabViewController.swift in Sources */,
				AFF399852B4C2A0D00A29683 /* RMSettingViewController.swift in Sources */,
				AFF399542B4C231C00A29683 /* AppDelegate.swift in Sources */,
				AFF399562B4C231C00A29683 /* SceneDelegate.swift in Sources */,
				AFF399722B4C279F00A29683 /* RMLocation.swift in Sources */,
				AFF1736C2B4D442F00BCB394 /* RMSettings.swift in Sources */,
				AFF399752B4C27B500A29683 /* RMCharacter.swift in Sources */,
				AFF3997C2B4C295A00A29683 /* RMCharacterViewController.swift in Sources */,
			);
			runOnlyForDeploymentPostprocessing = 0;
		};
/* End PBXSourcesBuildPhase section */

/* Begin PBXVariantGroup section */
		AFF3995E2B4C232000A29683 /* LaunchScreen.storyboard */ = {
			isa = PBXVariantGroup;
			children = (
				AFF3995F2B4C232000A29683 /* Base */,
			);
			name = LaunchScreen.storyboard;
			sourceTree = "<group>";
		};
/* End PBXVariantGroup section */

/* Begin XCBuildConfiguration section */
		AFF399622B4C232000A29683 /* Debug */ = {
			isa = XCBuildConfiguration;
			buildSettings = {
				ALWAYS_SEARCH_USER_PATHS = NO;
				CLANG_ANALYZER_NONNULL = YES;
				CLANG_ANALYZER_NUMBER_OBJECT_CONVERSION = YES_AGGRESSIVE;
				CLANG_CXX_LANGUAGE_STANDARD = "gnu++14";
				CLANG_CXX_LIBRARY = "libc++";
				CLANG_ENABLE_MODULES = YES;
				CLANG_ENABLE_OBJC_ARC = YES;
				CLANG_ENABLE_OBJC_WEAK = YES;
				CLANG_WARN_BLOCK_CAPTURE_AUTORELEASING = YES;
				CLANG_WARN_BOOL_CONVERSION = YES;
				CLANG_WARN_COMMA = YES;
				CLANG_WARN_CONSTANT_CONVERSION = YES;
				CLANG_WARN_DEPRECATED_OBJC_IMPLEMENTATIONS = YES;
				CLANG_WARN_DIRECT_OBJC_ISA_USAGE = YES_ERROR;
				CLANG_WARN_DOCUMENTATION_COMMENTS = YES;
				CLANG_WARN_EMPTY_BODY = YES;
				CLANG_WARN_ENUM_CONVERSION = YES;
				CLANG_WARN_INFINITE_RECURSION = YES;
				CLANG_WARN_INT_CONVERSION = YES;
				CLANG_WARN_NON_LITERAL_NULL_CONVERSION = YES;
				CLANG_WARN_OBJC_IMPLICIT_RETAIN_SELF = YES;
				CLANG_WARN_OBJC_LITERAL_CONVERSION = YES;
				CLANG_WARN_OBJC_ROOT_CLASS = YES_ERROR;
				CLANG_WARN_QUOTED_INCLUDE_IN_FRAMEWORK_HEADER = YES;
				CLANG_WARN_RANGE_LOOP_ANALYSIS = YES;
				CLANG_WARN_STRICT_PROTOTYPES = YES;
				CLANG_WARN_SUSPICIOUS_MOVE = YES;
				CLANG_WARN_UNGUARDED_AVAILABILITY = YES_AGGRESSIVE;
				CLANG_WARN_UNREACHABLE_CODE = YES;
				CLANG_WARN__DUPLICATE_METHOD_MATCH = YES;
				COPY_PHASE_STRIP = NO;
				DEBUG_INFORMATION_FORMAT = dwarf;
				ENABLE_STRICT_OBJC_MSGSEND = YES;
				ENABLE_TESTABILITY = YES;
				GCC_C_LANGUAGE_STANDARD = gnu11;
				GCC_DYNAMIC_NO_PIC = NO;
				GCC_NO_COMMON_BLOCKS = YES;
				GCC_OPTIMIZATION_LEVEL = 0;
				GCC_PREPROCESSOR_DEFINITIONS = (
					"DEBUG=1",
					"$(inherited)",
				);
				GCC_WARN_64_TO_32_BIT_CONVERSION = YES;
				GCC_WARN_ABOUT_RETURN_TYPE = YES_ERROR;
				GCC_WARN_UNDECLARED_SELECTOR = YES;
				GCC_WARN_UNINITIALIZED_AUTOS = YES_AGGRESSIVE;
				GCC_WARN_UNUSED_FUNCTION = YES;
				GCC_WARN_UNUSED_VARIABLE = YES;
				IPHONEOS_DEPLOYMENT_TARGET = 14.2;
				MTL_ENABLE_DEBUG_INFO = INCLUDE_SOURCE;
				MTL_FAST_MATH = YES;
				ONLY_ACTIVE_ARCH = YES;
				SDKROOT = iphoneos;
				SWIFT_ACTIVE_COMPILATION_CONDITIONS = DEBUG;
				SWIFT_OPTIMIZATION_LEVEL = "-Onone";
			};
			name = Debug;
		};
		AFF399632B4C232000A29683 /* Release */ = {
			isa = XCBuildConfiguration;
			buildSettings = {
				ALWAYS_SEARCH_USER_PATHS = NO;
				CLANG_ANALYZER_NONNULL = YES;
				CLANG_ANALYZER_NUMBER_OBJECT_CONVERSION = YES_AGGRESSIVE;
				CLANG_CXX_LANGUAGE_STANDARD = "gnu++14";
				CLANG_CXX_LIBRARY = "libc++";
				CLANG_ENABLE_MODULES = YES;
				CLANG_ENABLE_OBJC_ARC = YES;
				CLANG_ENABLE_OBJC_WEAK = YES;
				CLANG_WARN_BLOCK_CAPTURE_AUTORELEASING = YES;
				CLANG_WARN_BOOL_CONVERSION = YES;
				CLANG_WARN_COMMA = YES;
				CLANG_WARN_CONSTANT_CONVERSION = YES;
				CLANG_WARN_DEPRECATED_OBJC_IMPLEMENTATIONS = YES;
				CLANG_WARN_DIRECT_OBJC_ISA_USAGE = YES_ERROR;
				CLANG_WARN_DOCUMENTATION_COMMENTS = YES;
				CLANG_WARN_EMPTY_BODY = YES;
				CLANG_WARN_ENUM_CONVERSION = YES;
				CLANG_WARN_INFINITE_RECURSION = YES;
				CLANG_WARN_INT_CONVERSION = YES;
				CLANG_WARN_NON_LITERAL_NULL_CONVERSION = YES;
				CLANG_WARN_OBJC_IMPLICIT_RETAIN_SELF = YES;
				CLANG_WARN_OBJC_LITERAL_CONVERSION = YES;
				CLANG_WARN_OBJC_ROOT_CLASS = YES_ERROR;
				CLANG_WARN_QUOTED_INCLUDE_IN_FRAMEWORK_HEADER = YES;
				CLANG_WARN_RANGE_LOOP_ANALYSIS = YES;
				CLANG_WARN_STRICT_PROTOTYPES = YES;
				CLANG_WARN_SUSPICIOUS_MOVE = YES;
				CLANG_WARN_UNGUARDED_AVAILABILITY = YES_AGGRESSIVE;
				CLANG_WARN_UNREACHABLE_CODE = YES;
				CLANG_WARN__DUPLICATE_METHOD_MATCH = YES;
				COPY_PHASE_STRIP = NO;
				DEBUG_INFORMATION_FORMAT = "dwarf-with-dsym";
				ENABLE_NS_ASSERTIONS = NO;
				ENABLE_STRICT_OBJC_MSGSEND = YES;
				GCC_C_LANGUAGE_STANDARD = gnu11;
				GCC_NO_COMMON_BLOCKS = YES;
				GCC_WARN_64_TO_32_BIT_CONVERSION = YES;
				GCC_WARN_ABOUT_RETURN_TYPE = YES_ERROR;
				GCC_WARN_UNDECLARED_SELECTOR = YES;
				GCC_WARN_UNINITIALIZED_AUTOS = YES_AGGRESSIVE;
				GCC_WARN_UNUSED_FUNCTION = YES;
				GCC_WARN_UNUSED_VARIABLE = YES;
				IPHONEOS_DEPLOYMENT_TARGET = 14.2;
				MTL_ENABLE_DEBUG_INFO = NO;
				MTL_FAST_MATH = YES;
				SDKROOT = iphoneos;
				SWIFT_COMPILATION_MODE = wholemodule;
				SWIFT_OPTIMIZATION_LEVEL = "-O";
				VALIDATE_PRODUCT = YES;
			};
			name = Release;
		};
		AFF399652B4C232000A29683 /* Debug */ = {
			isa = XCBuildConfiguration;
			buildSettings = {
				ASSETCATALOG_COMPILER_APPICON_NAME = AppIcon;
				ASSETCATALOG_COMPILER_GLOBAL_ACCENT_COLOR_NAME = AccentColor;
				CODE_SIGN_STYLE = Automatic;
				DEVELOPMENT_TEAM = 99C85NVWD6;
				INFOPLIST_FILE = RickyNMorty/Info.plist;
				LD_RUNPATH_SEARCH_PATHS = (
					"$(inherited)",
					"@executable_path/Frameworks",
				);
				PRODUCT_BUNDLE_IDENTIFIER = Ali.RickyNMorty;
				PRODUCT_NAME = "$(TARGET_NAME)";
				SWIFT_VERSION = 5.0;
				TARGETED_DEVICE_FAMILY = "1,2";
			};
			name = Debug;
		};
		AFF399662B4C232000A29683 /* Release */ = {
			isa = XCBuildConfiguration;
			buildSettings = {
				ASSETCATALOG_COMPILER_APPICON_NAME = AppIcon;
				ASSETCATALOG_COMPILER_GLOBAL_ACCENT_COLOR_NAME = AccentColor;
				CODE_SIGN_STYLE = Automatic;
				DEVELOPMENT_TEAM = 99C85NVWD6;
				INFOPLIST_FILE = RickyNMorty/Info.plist;
				LD_RUNPATH_SEARCH_PATHS = (
					"$(inherited)",
					"@executable_path/Frameworks",
				);
				PRODUCT_BUNDLE_IDENTIFIER = Ali.RickyNMorty;
				PRODUCT_NAME = "$(TARGET_NAME)";
				SWIFT_VERSION = 5.0;
				TARGETED_DEVICE_FAMILY = "1,2";
			};
			name = Release;
		};
/* End XCBuildConfiguration section */

/* Begin XCConfigurationList section */
		AFF3994B2B4C231C00A29683 /* Build configuration list for PBXProject "RickyNMorty" */ = {
			isa = XCConfigurationList;
			buildConfigurations = (
				AFF399622B4C232000A29683 /* Debug */,
				AFF399632B4C232000A29683 /* Release */,
			);
			defaultConfigurationIsVisible = 0;
			defaultConfigurationName = Release;
		};
		AFF399642B4C232000A29683 /* Build configuration list for PBXNativeTarget "RickyNMorty" */ = {
			isa = XCConfigurationList;
			buildConfigurations = (
				AFF399652B4C232000A29683 /* Debug */,
				AFF399662B4C232000A29683 /* Release */,
			);
			defaultConfigurationIsVisible = 0;
			defaultConfigurationName = Release;
		};
/* End XCConfigurationList section */
	};
	rootObject = AFF399482B4C231C00A29683 /* Project object */;
}
